
Microsoft Visual Studio Solution File, Format Version 12.00
Project("{FAE04EC0-301F-11D3-BF4B-00C04F79EFBC}") = "BenchmarkingCollectionsIterating", "BenchmarkingCollectionsIterating\BenchmarkingCollectionsIterating.csproj", "{9866B557-A697-4088-AB9A-129B57B00759}"
EndProject
Project("{FAE04EC0-301F-11D3-BF4B-00C04F79EFBC}") = "BenchingFrozen", "BenchingFrozen\BenchingFrozen.csproj", "{63210830-4206-4AC9-BD57-4405A5E11417}"
EndProject
Project("{FAE04EC0-301F-11D3-BF4B-00C04F79EFBC}") = "BenchingSomeLinq", "BenchingSomeLinq\BenchingSomeLinq.csproj", "{6F923008-15A5-465B-BEA2-B716E8AAE377}"
EndProject
Project("{FAE04EC0-301F-11D3-BF4B-00C04F79EFBC}") = "SearchValuesBenchmarks", "SearchValuesBenchmarks\SearchValuesBenchmarks.csproj", "{CCED6DED-5495-4E04-AA2C-4A24BAAB523E}"
EndProject
Project("{FAE04EC0-301F-11D3-BF4B-00C04F79EFBC}") = "BenchIGrouping", "BenchIGrouping\BenchIGrouping.csproj", "{94B0E01A-5924-4DAA-ABED-CD8BEE376685}"
EndProject
Project("{FAE04EC0-301F-11D3-BF4B-00C04F79EFBC}") = "FindingDuplicates", "FindingDuplicates\FindingDuplicates.csproj", "{9EBFB5E0-2762-4286-8FAB-3B44041C49D0}"
EndProject
Project("{FAE04EC0-301F-11D3-BF4B-00C04F79EFBC}") = "BenchStructsAndSpans", "BenchStructsAndSpans\BenchStructsAndSpans.csproj", "{CCAAE3E0-1332-483D-9DB2-B74374019B1E}"
EndProject
Project("{FAE04EC0-301F-11D3-BF4B-00C04F79EFBC}") = "FasterGetDuplicates", "FasterGetDuplicates\FasterGetDuplicates.csproj", "{8C0AE349-1388-4F84-98B8-40591C359CE6}"
EndProject
Project("{FAE04EC0-301F-11D3-BF4B-00C04F79EFBC}") = "UnionLists", "UnionLists\UnionLists.csproj", "{772F624A-34B5-4CCF-B32D-6E794FE5DFDB}"
EndProject
Project("{FAE04EC0-301F-11D3-BF4B-00C04F79EFBC}") = "FasterIntersects", "FasterIntersects\FasterIntersects.csproj", "{0D191775-C90C-43EB-9DC0-39A32E2E0E5E}"
EndProject
Project("{FAE04EC0-301F-11D3-BF4B-00C04F79EFBC}") = "FastestEnumCollectionContains", "FastestEnumCollectionContains\FastestEnumCollectionContains.csproj", "{4B1C4B72-A3CE-40CE-8A62-C6767E2D0210}"
EndProject
Project("{FAE04EC0-301F-11D3-BF4B-00C04F79EFBC}") = "ReversedCollection", "ReversedCollection\ReversedCollection.csproj", "{727EFC6B-2240-4E1D-88C7-75CF7380ABFF}"
EndProject
Project("{FAE04EC0-301F-11D3-BF4B-00C04F79EFBC}") = "InteratingOverCollections2", "InteratingOverCollections2\InteratingOverCollections2.csproj", "{765FBBC9-C51D-48F1-BB8D-21E2A05B47F9}"
EndProject
Project("{FAE04EC0-301F-11D3-BF4B-00C04F79EFBC}") = "FastestDuplicatesCheck", "FastestDuplicatesCheck\FastestDuplicatesCheck.csproj", "{D6DCFFDC-716A-4135-ADDF-F8A784AA4865}"
EndProject
Global
	GlobalSection(SolutionConfigurationPlatforms) = preSolution
		Debug|Any CPU = Debug|Any CPU
		Release|Any CPU = Release|Any CPU
	EndGlobalSection
	GlobalSection(ProjectConfigurationPlatforms) = postSolution
		{9866B557-A697-4088-AB9A-129B57B00759}.Debug|Any CPU.ActiveCfg = Debug|Any CPU
		{9866B557-A697-4088-AB9A-129B57B00759}.Debug|Any CPU.Build.0 = Debug|Any CPU
		{9866B557-A697-4088-AB9A-129B57B00759}.Release|Any CPU.ActiveCfg = Release|Any CPU
		{9866B557-A697-4088-AB9A-129B57B00759}.Release|Any CPU.Build.0 = Release|Any CPU
		{63210830-4206-4AC9-BD57-4405A5E11417}.Debug|Any CPU.ActiveCfg = Debug|Any CPU
		{63210830-4206-4AC9-BD57-4405A5E11417}.Debug|Any CPU.Build.0 = Debug|Any CPU
		{63210830-4206-4AC9-BD57-4405A5E11417}.Release|Any CPU.ActiveCfg = Release|Any CPU
		{63210830-4206-4AC9-BD57-4405A5E11417}.Release|Any CPU.Build.0 = Release|Any CPU
		{6F923008-15A5-465B-BEA2-B716E8AAE377}.Debug|Any CPU.ActiveCfg = Debug|Any CPU
		{6F923008-15A5-465B-BEA2-B716E8AAE377}.Debug|Any CPU.Build.0 = Debug|Any CPU
		{6F923008-15A5-465B-BEA2-B716E8AAE377}.Release|Any CPU.ActiveCfg = Release|Any CPU
		{6F923008-15A5-465B-BEA2-B716E8AAE377}.Release|Any CPU.Build.0 = Release|Any CPU
		{CCED6DED-5495-4E04-AA2C-4A24BAAB523E}.Debug|Any CPU.ActiveCfg = Debug|Any CPU
		{CCED6DED-5495-4E04-AA2C-4A24BAAB523E}.Debug|Any CPU.Build.0 = Debug|Any CPU
		{CCED6DED-5495-4E04-AA2C-4A24BAAB523E}.Release|Any CPU.ActiveCfg = Release|Any CPU
		{CCED6DED-5495-4E04-AA2C-4A24BAAB523E}.Release|Any CPU.Build.0 = Release|Any CPU
		{94B0E01A-5924-4DAA-ABED-CD8BEE376685}.Debug|Any CPU.ActiveCfg = Debug|Any CPU
		{94B0E01A-5924-4DAA-ABED-CD8BEE376685}.Debug|Any CPU.Build.0 = Debug|Any CPU
		{94B0E01A-5924-4DAA-ABED-CD8BEE376685}.Release|Any CPU.ActiveCfg = Release|Any CPU
		{94B0E01A-5924-4DAA-ABED-CD8BEE376685}.Release|Any CPU.Build.0 = Release|Any CPU
		{9EBFB5E0-2762-4286-8FAB-3B44041C49D0}.Debug|Any CPU.ActiveCfg = Debug|Any CPU
		{9EBFB5E0-2762-4286-8FAB-3B44041C49D0}.Debug|Any CPU.Build.0 = Debug|Any CPU
		{9EBFB5E0-2762-4286-8FAB-3B44041C49D0}.Release|Any CPU.ActiveCfg = Release|Any CPU
		{9EBFB5E0-2762-4286-8FAB-3B44041C49D0}.Release|Any CPU.Build.0 = Release|Any CPU
		{CCAAE3E0-1332-483D-9DB2-B74374019B1E}.Debug|Any CPU.ActiveCfg = Debug|Any CPU
		{CCAAE3E0-1332-483D-9DB2-B74374019B1E}.Debug|Any CPU.Build.0 = Debug|Any CPU
		{CCAAE3E0-1332-483D-9DB2-B74374019B1E}.Release|Any CPU.ActiveCfg = Release|Any CPU
		{CCAAE3E0-1332-483D-9DB2-B74374019B1E}.Release|Any CPU.Build.0 = Release|Any CPU
		{8C0AE349-1388-4F84-98B8-40591C359CE6}.Debug|Any CPU.ActiveCfg = Debug|Any CPU
		{8C0AE349-1388-4F84-98B8-40591C359CE6}.Debug|Any CPU.Build.0 = Debug|Any CPU
		{8C0AE349-1388-4F84-98B8-40591C359CE6}.Release|Any CPU.ActiveCfg = Release|Any CPU
		{8C0AE349-1388-4F84-98B8-40591C359CE6}.Release|Any CPU.Build.0 = Release|Any CPU
		{772F624A-34B5-4CCF-B32D-6E794FE5DFDB}.Debug|Any CPU.ActiveCfg = Debug|Any CPU
		{772F624A-34B5-4CCF-B32D-6E794FE5DFDB}.Debug|Any CPU.Build.0 = Debug|Any CPU
		{772F624A-34B5-4CCF-B32D-6E794FE5DFDB}.Release|Any CPU.ActiveCfg = Release|Any CPU
		{772F624A-34B5-4CCF-B32D-6E794FE5DFDB}.Release|Any CPU.Build.0 = Release|Any CPU
		{0D191775-C90C-43EB-9DC0-39A32E2E0E5E}.Debug|Any CPU.ActiveCfg = Debug|Any CPU
		{0D191775-C90C-43EB-9DC0-39A32E2E0E5E}.Debug|Any CPU.Build.0 = Debug|Any CPU
		{0D191775-C90C-43EB-9DC0-39A32E2E0E5E}.Release|Any CPU.ActiveCfg = Release|Any CPU
		{0D191775-C90C-43EB-9DC0-39A32E2E0E5E}.Release|Any CPU.Build.0 = Release|Any CPU
		{4B1C4B72-A3CE-40CE-8A62-C6767E2D0210}.Debug|Any CPU.ActiveCfg = Debug|Any CPU
		{4B1C4B72-A3CE-40CE-8A62-C6767E2D0210}.Debug|Any CPU.Build.0 = Debug|Any CPU
		{4B1C4B72-A3CE-40CE-8A62-C6767E2D0210}.Release|Any CPU.ActiveCfg = Release|Any CPU
		{4B1C4B72-A3CE-40CE-8A62-C6767E2D0210}.Release|Any CPU.Build.0 = Release|Any CPU
		{727EFC6B-2240-4E1D-88C7-75CF7380ABFF}.Debug|Any CPU.ActiveCfg = Debug|Any CPU
		{727EFC6B-2240-4E1D-88C7-75CF7380ABFF}.Debug|Any CPU.Build.0 = Debug|Any CPU
		{727EFC6B-2240-4E1D-88C7-75CF7380ABFF}.Release|Any CPU.ActiveCfg = Release|Any CPU
		{727EFC6B-2240-4E1D-88C7-75CF7380ABFF}.Release|Any CPU.Build.0 = Release|Any CPU
		{765FBBC9-C51D-48F1-BB8D-21E2A05B47F9}.Debug|Any CPU.ActiveCfg = Debug|Any CPU
		{765FBBC9-C51D-48F1-BB8D-21E2A05B47F9}.Debug|Any CPU.Build.0 = Debug|Any CPU
		{765FBBC9-C51D-48F1-BB8D-21E2A05B47F9}.Release|Any CPU.ActiveCfg = Release|Any CPU
		{765FBBC9-C51D-48F1-BB8D-21E2A05B47F9}.Release|Any CPU.Build.0 = Release|Any CPU
		{D6DCFFDC-716A-4135-ADDF-F8A784AA4865}.Debug|Any CPU.ActiveCfg = Debug|Any CPU
		{D6DCFFDC-716A-4135-ADDF-F8A784AA4865}.Debug|Any CPU.Build.0 = Debug|Any CPU
		{D6DCFFDC-716A-4135-ADDF-F8A784AA4865}.Release|Any CPU.ActiveCfg = Release|Any CPU
		{D6DCFFDC-716A-4135-ADDF-F8A784AA4865}.Release|Any CPU.Build.0 = Release|Any CPU
	EndGlobalSection
EndGlobal
