
Microsoft Visual Studio Solution File, Format Version 12.00
Project("{FAE04EC0-301F-11D3-BF4B-00C04F79EFBC}") = "BenchmarkingCollections", "BenchmarkingCollections\BenchmarkingCollections.csproj", "{9866B557-A697-4088-AB9A-129B57B00759}"
EndProject
Project("{FAE04EC0-301F-11D3-BF4B-00C04F79EFBC}") = "BenchingFrozen", "BenchingFrozen\BenchingFrozen.csproj", "{63210830-4206-4AC9-BD57-4405A5E11417}"
EndProject
Global
	GlobalSection(SolutionConfigurationPlatforms) = preSolution
		Debug|Any CPU = Debug|Any CPU
		Release|Any CPU = Release|Any CPU
	EndGlobalSection
	GlobalSection(ProjectConfigurationPlatforms) = postSolution
		{9866B557-A697-4088-AB9A-129B57B00759}.Debug|Any CPU.ActiveCfg = Debug|Any CPU
		{9866B557-A697-4088-AB9A-129B57B00759}.Debug|Any CPU.Build.0 = Debug|Any CPU
		{9866B557-A697-4088-AB9A-129B57B00759}.Release|Any CPU.ActiveCfg = Release|Any CPU
		{9866B557-A697-4088-AB9A-129B57B00759}.Release|Any CPU.Build.0 = Release|Any CPU
		{63210830-4206-4AC9-BD57-4405A5E11417}.Debug|Any CPU.ActiveCfg = Debug|Any CPU
		{63210830-4206-4AC9-BD57-4405A5E11417}.Debug|Any CPU.Build.0 = Debug|Any CPU
		{63210830-4206-4AC9-BD57-4405A5E11417}.Release|Any CPU.ActiveCfg = Release|Any CPU
		{63210830-4206-4AC9-BD57-4405A5E11417}.Release|Any CPU.Build.0 = Release|Any CPU
	EndGlobalSection
EndGlobal
